{
  "name": "domainstat",
  "version": "1.0.6",
  "lockfileVersion": 3,
  "requires": true,
  "packages": {
    "": {
      "name": "domainstat",
      "version": "1.0.6",
      "license": "MIT",
      "dependencies": {
        "tldts": "^7.0.10"
      },
      "bin": {
        "domainstat": "dist/cli.js"
      },
      "devDependencies": {},
      "engines": {
        "node": "^22.12.0",
        "npm": "^10.9.0"
      }
    },
    "node_modules/tldts": {
      "version": "7.0.10",
      "resolved": "https://registry.npmjs.org/tldts/-/tldts-7.0.10.tgz",
      "integrity": "sha512-n6xyIpjWEn6Ikpkir7zVdxNoRO3ZrL+x65ztg/JYoIMoPkpRQ87W4RxbNiso+axhF2zTAzwR+NJJE3NJazLb6Q==",
      "dependencies": {
        "tldts-core": "^7.0.10"
      },
      "bin": {
        "tldts": "bin/cli.js"
      }
    },
    "node_modules/tldts-core": {
      "version": "7.0.12",
      "resolved": "https://registry.npmjs.org/tldts-core/-/tldts-core-7.0.12.tgz",
      "integrity": "sha512-3K76aXywJFduGRsOYoY5JzINLs/WMlOkeDwPL+8OCPq2Rh39gkSDtWAxdJQlWjpun/xF/LHf29yqCi6VC/rHDA=="
    }
  }
}
