{
  "name": "domainstat",
  "version": "1.4.1",
  "lockfileVersion": 3,
  "requires": true,
  "packages": {
    "": {
      "name": "domainstat",
      "version": "1.4.1",
      "license": "MIT",
      "dependencies": {
        "tldts": "^7.0.30"
      },
      "bin": {
        "domainstat": "dist/cli.js"
      },
      "devDependencies": {
        "@types/node": "^25.6.0",
        "typescript": "5.6"
      },
      "optionalDependencies": {
        "epp-client": "^0.4.0"
      }
    },
    "node_modules/@types/node": {
      "version": "25.6.0",
      "resolved": "https://registry.npmjs.org/@types/node/-/node-25.6.0.tgz",
      "integrity": "sha512-+qIYRKdNYJwY3vRCZMdJbPLJAtGjQBudzZzdzwQYkEPQd+PJGixUL5QfvCLDaULoLv+RhT3LDkwEfKaAkgSmNQ==",
      "dev": true,
      "license": "MIT",
      "dependencies": {
        "undici-types": "~7.19.0"
      }
    },
    "node_modules/commander": {
      "version": "14.0.3",
      "resolved": "https://registry.npmjs.org/commander/-/commander-14.0.3.tgz",
      "integrity": "sha512-H+y0Jo/T1RZ9qPP4Eh1pkcQcLRglraJaSLoyOtHxu6AapkjWVCy2Sit1QQ4x3Dng8qDlSsZEet7g5Pq06MvTgw==",
      "license": "MIT",
      "optional": true,
      "engines": {
        "node": ">=20"
      }
    },
    "node_modules/dotenv": {
      "version": "17.4.2",
      "resolved": "https://registry.npmjs.org/dotenv/-/dotenv-17.4.2.tgz",
      "integrity": "sha512-nI4U3TottKAcAD9LLud4Cb7b2QztQMUEfHbvhTH09bqXTxnSie8WnjPALV/WMCrJZ6UV/qHJ6L03OqO3LcdYZw==",
      "license": "BSD-2-Clause",
      "optional": true,
      "engines": {
        "node": ">=12"
      },
      "funding": {
        "url": "https://dotenvx.com"
      }
    },
    "node_modules/epp-client": {
      "version": "0.4.0",
      "resolved": "https://registry.npmjs.org/epp-client/-/epp-client-0.4.0.tgz",
      "integrity": "sha512-b3URHp2JvaPCMV10uAvTopmbG2Ku49MCu4phtI47mAguVH7agq8buOS5qyzCbYKt68xfKO9s11Gn4lcLm9QGhg==",
      "license": "MIT",
      "optional": true,
      "dependencies": {
        "commander": "^14.0.2",
        "dotenv": "^17.2.3",
        "xml2js": "^0.6.2",
        "zod": "^3.25.76"
      },
      "bin": {
        "epp-cli": "dist/cli/index.js"
      }
    },
    "node_modules/sax": {
      "version": "1.6.1",
      "resolved": "https://registry.npmjs.org/sax/-/sax-1.6.1.tgz",
      "integrity": "sha512-42tBVwLWnaQvW5zc4HbZrTuWccECCZfBi92FDuwtqxasH+JbPB3/FOKb1m222K42R4WxuxzzMsTswfzgtSu64Q==",
      "license": "BlueOak-1.0.0",
      "optional": true,
      "engines": {
        "node": ">=11.0.0"
      }
    },
    "node_modules/tldts": {
      "version": "7.0.30",
      "resolved": "https://registry.npmjs.org/tldts/-/tldts-7.0.30.tgz",
      "integrity": "sha512-ELrFxuqsDdHUwoh0XxDbxuLD3Wnz49Z57IFvTtvWy1hJdcMZjXLIuonjilCiWHlT2GbE4Wlv1wKVTzDFnXH1aw==",
      "license": "MIT",
      "dependencies": {
        "tldts-core": "^7.0.30"
      },
      "bin": {
        "tldts": "bin/cli.js"
      }
    },
    "node_modules/tldts-core": {
      "version": "7.0.30",
      "resolved": "https://registry.npmjs.org/tldts-core/-/tldts-core-7.0.30.tgz",
      "integrity": "sha512-uiHN8PIB1VmWyS98eZYja4xzlYqeFZVjb4OuYlJQnZAuJhMw4PbKQOKgHKhBdJR3FE/t5mUQ1Kd80++B+qhD1Q==",
      "license": "MIT"
    },
    "node_modules/typescript": {
      "version": "5.6.3",
      "resolved": "https://registry.npmjs.org/typescript/-/typescript-5.6.3.tgz",
      "integrity": "sha512-hjcS1mhfuyi4WW8IWtjP7brDrG2cuDZukyrYrSauoXGNgx0S7zceP07adYkJycEr56BOUTNPzbInooiN3fn1qw==",
      "dev": true,
      "license": "Apache-2.0",
      "bin": {
        "tsc": "bin/tsc",
        "tsserver": "bin/tsserver"
      },
      "engines": {
        "node": ">=14.17"
      }
    },
    "node_modules/undici-types": {
      "version": "7.19.2",
      "resolved": "https://registry.npmjs.org/undici-types/-/undici-types-7.19.2.tgz",
      "integrity": "sha512-qYVnV5OEm2AW8cJMCpdV20CDyaN3g0AjDlOGf1OW4iaDEx8MwdtChUp4zu4H0VP3nDRF/8RKWH+IPp9uW0YGZg==",
      "dev": true,
      "license": "MIT"
    },
    "node_modules/xml2js": {
      "version": "0.6.2",
      "resolved": "https://registry.npmjs.org/xml2js/-/xml2js-0.6.2.tgz",
      "integrity": "sha512-T4rieHaC1EXcES0Kxxj4JWgaUQHDk+qwHcYOCFHfiwKz7tOVPLq7Hjq9dM1WCMhylqMEfP7hMcOIChvotiZegA==",
      "license": "MIT",
      "optional": true,
      "dependencies": {
        "sax": ">=0.6.0",
        "xmlbuilder": "~11.0.0"
      },
      "engines": {
        "node": ">=4.0.0"
      }
    },
    "node_modules/xmlbuilder": {
      "version": "11.0.1",
      "resolved": "https://registry.npmjs.org/xmlbuilder/-/xmlbuilder-11.0.1.tgz",
      "integrity": "sha512-fDlsI/kFEx7gLvbecc0/ohLG50fugQp8ryHzMTuW9vSa1GJ0XYWKnhsUx7oie3G98+r56aTQIUB4kht42R3JvA==",
      "license": "MIT",
      "optional": true,
      "engines": {
        "node": ">=4.0"
      }
    },
    "node_modules/zod": {
      "version": "3.25.76",
      "resolved": "https://registry.npmjs.org/zod/-/zod-3.25.76.tgz",
      "integrity": "sha512-gzUt/qt81nXsFGKIFcC3YnfEAx5NkunCfnDlvuBSSFS02bcXu4Lmea0AFIUwbLWxWPx3d9p8S5QoaujKcNQxcQ==",
      "license": "MIT",
      "optional": true,
      "funding": {
        "url": "https://github.com/sponsors/colinhacks"
      }
    }
  }
}
